
Microsoft Visual Studio Solution File, Format Version 12.00
# Visual Studio Version 16
VisualStudioVersion = 16.0.29613.14
MinimumVisualStudioVersion = 10.0.40219.1
Project("{FAE04EC0-301F-11D3-BF4B-00C04F79EFBC}") = "ZadanieA1", "ZadanieA1\ZadanieA1.csproj", "{11BCDB3B-D836-4E15-AFAF-4F05B7A50B28}"
EndProject
Global
	GlobalSection(SolutionConfigurationPlatforms) = preSolution
		Debug|Any CPU = Debug|Any CPU
		Release|Any CPU = Release|Any CPU
	EndGlobalSection
	GlobalSection(ProjectConfigurationPlatforms) = postSolution
		{11BCDB3B-D836-4E15-AFAF-4F05B7A50B28}.Debug|Any CPU.ActiveCfg = Debug|Any CPU
		{11BCDB3B-D836-4E15-AFAF-4F05B7A50B28}.Debug|Any CPU.Build.0 = Debug|Any CPU
		{11BCDB3B-D836-4E15-AFAF-4F05B7A50B28}.Release|Any CPU.ActiveCfg = Release|Any CPU
		{11BCDB3B-D836-4E15-AFAF-4F05B7A50B28}.Release|Any CPU.Build.0 = Release|Any CPU
	EndGlobalSection
	GlobalSection(SolutionProperties) = preSolution
		HideSolutionNode = FALSE
	EndGlobalSection
	GlobalSection(ExtensibilityGlobals) = postSolution
		SolutionGuid = {BCAF889A-ACB0-4131-91F1-2DE7168611E9}
	EndGlobalSection
EndGlobal
